lockfileVersion: '9.0'

settings:
  autoInstallPeers: true
  excludeLinksFromLockfile: false

importers:

  .:
    dependencies:
      '@hono/node-server':
        specifier: ^1.12.0
        version: 1.12.0
      '@langchain/community':
        specifier: ^0.2.23
        version: 0.2.23(openai@4.54.0)(pdf-parse@1.1.1)
      '@langchain/core':
        specifier: ^0.2.20
        version: 0.2.20(langchain@0.2.12(@langchain/community@0.2.23(openai@4.54.0)(pdf-parse@1.1.1))(openai@4.54.0)(pdf-parse@1.1.1))(openai@4.54.0)
      hono:
        specifier: ^4.5.3
        version: 4.5.3
      langchain:
        specifier: ^0.2.12
        version: 0.2.12(@langchain/community@0.2.23(openai@4.54.0)(pdf-parse@1.1.1))(openai@4.54.0)(pdf-parse@1.1.1)
      pdf-parse:
        specifier: ^1.1.1
        version: 1.1.1
    devDependencies:
      '@types/node':
        specifier: ^20.11.17
        version: 20.14.14
      tsx:
        specifier: ^4.7.1
        version: 4.16.5

packages:

  '@esbuild/aix-ppc64@0.21.5':
    resolution: {integrity: sha512-1SDgH6ZSPTlggy1yI6+Dbkiz8xzpHJEVAlF/AM1tHPLsf5STom9rwtjE4hKAF20FfXXNTFqEYXyJNWh1GiZedQ==}
    engines: {node: '>=12'}
    cpu: [ppc64]
    os: [aix]

  '@esbuild/android-arm64@0.21.5':
    resolution: {integrity: sha512-c0uX9VAUBQ7dTDCjq+wdyGLowMdtR/GoC2U5IYk/7D1H1JYC0qseD7+11iMP2mRLN9RcCMRcjC4YMclCzGwS/A==}
    engines: {node: '>=12'}
    cpu: [arm64]
    os: [android]

  '@esbuild/android-arm@0.21.5':
    resolution: {integrity: sha512-vCPvzSjpPHEi1siZdlvAlsPxXl7WbOVUBBAowWug4rJHb68Ox8KualB+1ocNvT5fjv6wpkX6o/iEpbDrf68zcg==}
    engines: {node: '>=12'}
    cpu: [arm]
    os: [android]

  '@esbuild/android-x64@0.21.5':
    resolution: {integrity: sha512-D7aPRUUNHRBwHxzxRvp856rjUHRFW1SdQATKXH2hqA0kAZb1hKmi02OpYRacl0TxIGz/ZmXWlbZgjwWYaCakTA==}
    engines: {node: '>=12'}
    cpu: [x64]
    os: [android]

  '@esbuild/darwin-arm64@0.21.5':
    resolution: {integrity: sha512-DwqXqZyuk5AiWWf3UfLiRDJ5EDd49zg6O9wclZ7kUMv2WRFr4HKjXp/5t8JZ11QbQfUS6/cRCKGwYhtNAY88kQ==}
    engines: {node: '>=12'}
    cpu: [arm64]
    os: [darwin]

  '@esbuild/darwin-x64@0.21.5':
    resolution: {integrity: sha512-se/JjF8NlmKVG4kNIuyWMV/22ZaerB+qaSi5MdrXtd6R08kvs2qCN4C09miupktDitvh8jRFflwGFBQcxZRjbw==}
    engines: {node: '>=12'}
    cpu: [x64]
    os: [darwin]

  '@esbuild/freebsd-arm64@0.21.5':
    resolution: {integrity: sha512-5JcRxxRDUJLX8JXp/wcBCy3pENnCgBR9bN6JsY4OmhfUtIHe3ZW0mawA7+RDAcMLrMIZaf03NlQiX9DGyB8h4g==}
    engines: {node: '>=12'}
    cpu: [arm64]
    os: [freebsd]

  '@esbuild/freebsd-x64@0.21.5':
    resolution: {integrity: sha512-J95kNBj1zkbMXtHVH29bBriQygMXqoVQOQYA+ISs0/2l3T9/kj42ow2mpqerRBxDJnmkUDCaQT/dfNXWX/ZZCQ==}
    engines: {node: '>=12'}
    cpu: [x64]
    os: [freebsd]

  '@esbuild/linux-arm64@0.21.5':
    resolution: {integrity: sha512-ibKvmyYzKsBeX8d8I7MH/TMfWDXBF3db4qM6sy+7re0YXya+K1cem3on9XgdT2EQGMu4hQyZhan7TeQ8XkGp4Q==}
    engines: {node: '>=12'}
    cpu: [arm64]
    os: [linux]

  '@esbuild/linux-arm@0.21.5':
    resolution: {integrity: sha512-bPb5AHZtbeNGjCKVZ9UGqGwo8EUu4cLq68E95A53KlxAPRmUyYv2D6F0uUI65XisGOL1hBP5mTronbgo+0bFcA==}
    engines: {node: '>=12'}
    cpu: [arm]
    os: [linux]

  '@esbuild/linux-ia32@0.21.5':
    resolution: {integrity: sha512-YvjXDqLRqPDl2dvRODYmmhz4rPeVKYvppfGYKSNGdyZkA01046pLWyRKKI3ax8fbJoK5QbxblURkwK/MWY18Tg==}
    engines: {node: '>=12'}
    cpu: [ia32]
    os: [linux]

  '@esbuild/linux-loong64@0.21.5':
    resolution: {integrity: sha512-uHf1BmMG8qEvzdrzAqg2SIG/02+4/DHB6a9Kbya0XDvwDEKCoC8ZRWI5JJvNdUjtciBGFQ5PuBlpEOXQj+JQSg==}
    engines: {node: '>=12'}
    cpu: [loong64]
    os: [linux]

  '@esbuild/linux-mips64el@0.21.5':
    resolution: {integrity: sha512-IajOmO+KJK23bj52dFSNCMsz1QP1DqM6cwLUv3W1QwyxkyIWecfafnI555fvSGqEKwjMXVLokcV5ygHW5b3Jbg==}
    engines: {node: '>=12'}
    cpu: [mips64el]
    os: [linux]

  '@esbuild/linux-ppc64@0.21.5':
    resolution: {integrity: sha512-1hHV/Z4OEfMwpLO8rp7CvlhBDnjsC3CttJXIhBi+5Aj5r+MBvy4egg7wCbe//hSsT+RvDAG7s81tAvpL2XAE4w==}
    engines: {node: '>=12'}
    cpu: [ppc64]
    os: [linux]

  '@esbuild/linux-riscv64@0.21.5':
    resolution: {integrity: sha512-2HdXDMd9GMgTGrPWnJzP2ALSokE/0O5HhTUvWIbD3YdjME8JwvSCnNGBnTThKGEB91OZhzrJ4qIIxk/SBmyDDA==}
    engines: {node: '>=12'}
    cpu: [riscv64]
    os: [linux]

  '@esbuild/linux-s390x@0.21.5':
    resolution: {integrity: sha512-zus5sxzqBJD3eXxwvjN1yQkRepANgxE9lgOW2qLnmr8ikMTphkjgXu1HR01K4FJg8h1kEEDAqDcZQtbrRnB41A==}
    engines: {node: '>=12'}
    cpu: [s390x]
    os: [linux]

  '@esbuild/linux-x64@0.21.5':
    resolution: {integrity: sha512-1rYdTpyv03iycF1+BhzrzQJCdOuAOtaqHTWJZCWvijKD2N5Xu0TtVC8/+1faWqcP9iBCWOmjmhoH94dH82BxPQ==}
    engines: {node: '>=12'}
    cpu: [x64]
    os: [linux]

  '@esbuild/netbsd-x64@0.21.5':
    resolution: {integrity: sha512-Woi2MXzXjMULccIwMnLciyZH4nCIMpWQAs049KEeMvOcNADVxo0UBIQPfSmxB3CWKedngg7sWZdLvLczpe0tLg==}
    engines: {node: '>=12'}
    cpu: [x64]
    os: [netbsd]

  '@esbuild/openbsd-x64@0.21.5':
    resolution: {integrity: sha512-HLNNw99xsvx12lFBUwoT8EVCsSvRNDVxNpjZ7bPn947b8gJPzeHWyNVhFsaerc0n3TsbOINvRP2byTZ5LKezow==}
    engines: {node: '>=12'}
    cpu: [x64]
    os: [openbsd]

  '@esbuild/sunos-x64@0.21.5':
    resolution: {integrity: sha512-6+gjmFpfy0BHU5Tpptkuh8+uw3mnrvgs+dSPQXQOv3ekbordwnzTVEb4qnIvQcYXq6gzkyTnoZ9dZG+D4garKg==}
    engines: {node: '>=12'}
    cpu: [x64]
    os: [sunos]

  '@esbuild/win32-arm64@0.21.5':
    resolution: {integrity: sha512-Z0gOTd75VvXqyq7nsl93zwahcTROgqvuAcYDUr+vOv8uHhNSKROyU961kgtCD1e95IqPKSQKH7tBTslnS3tA8A==}
    engines: {node: '>=12'}
    cpu: [arm64]
    os: [win32]

  '@esbuild/win32-ia32@0.21.5':
    resolution: {integrity: sha512-SWXFF1CL2RVNMaVs+BBClwtfZSvDgtL//G/smwAc5oVK/UPu2Gu9tIaRgFmYFFKrmg3SyAjSrElf0TiJ1v8fYA==}
    engines: {node: '>=12'}
    cpu: [ia32]
    os: [win32]

  '@esbuild/win32-x64@0.21.5':
    resolution: {integrity: sha512-tQd/1efJuzPC6rCFwEvLtci/xNFcTZknmXs98FYDfGE4wP9ClFV98nyKrzJKVPMhdDnjzLhdUyMX4PsQAPjwIw==}
    engines: {node: '>=12'}
    cpu: [x64]
    os: [win32]

  '@hono/node-server@1.12.0':
    resolution: {integrity: sha512-e6oHjNiErRxsZRZBmc2KucuvY3btlO/XPncIpP2X75bRdTilF9GLjm3NHvKKunpJbbJJj31/FoPTksTf8djAVw==}
    engines: {node: '>=18.14.1'}

  '@langchain/community@0.2.23':
    resolution: {integrity: sha512-p1n/zZ1F+O5l51RzeoUeJyhpzq6Wp11tkqKOj8oThKOQJgLhO7q6iFIvmKThzL7mZCNNuPM5r1OPnU4wO6iF/A==}
    engines: {node: '>=18'}
    peerDependencies:
      '@aws-crypto/sha256-js': ^5.0.0
      '@aws-sdk/client-bedrock-agent-runtime': ^3.583.0
      '@aws-sdk/client-bedrock-runtime': ^3.422.0
      '@aws-sdk/client-dynamodb': ^3.310.0
      '@aws-sdk/client-kendra': ^3.352.0
      '@aws-sdk/client-lambda': ^3.310.0
      '@aws-sdk/client-s3': ^3.310.0
      '@aws-sdk/client-sagemaker-runtime': ^3.310.0
      '@aws-sdk/client-sfn': ^3.310.0
      '@aws-sdk/credential-provider-node': ^3.388.0
      '@azure/search-documents': ^12.0.0
      '@azure/storage-blob': ^12.15.0
      '@browserbasehq/sdk': '*'
      '@clickhouse/client': ^0.2.5
      '@cloudflare/ai': '*'
      '@datastax/astra-db-ts': ^1.0.0
      '@elastic/elasticsearch': ^8.4.0
      '@getmetal/metal-sdk': '*'
      '@getzep/zep-cloud': ^1.0.6
      '@getzep/zep-js': ^0.9.0
      '@gomomento/sdk': ^1.51.1
      '@gomomento/sdk-core': ^1.51.1
      '@google-ai/generativelanguage': '*'
      '@google-cloud/storage': ^6.10.1 || ^7.7.0
      '@gradientai/nodejs-sdk': ^1.2.0
      '@huggingface/inference': ^2.6.4
      '@langchain/langgraph': ~0.0.26
      '@layerup/layerup-security': ^1.5.12
      '@mendable/firecrawl-js': ^0.0.13
      '@mlc-ai/web-llm': 0.2.46
      '@mozilla/readability': '*'
      '@neondatabase/serverless': '*'
      '@notionhq/client': ^2.2.10
      '@opensearch-project/opensearch': '*'
      '@pinecone-database/pinecone': '*'
      '@planetscale/database': ^1.8.0
      '@premai/prem-sdk': ^0.3.25
      '@qdrant/js-client-rest': ^1.8.2
      '@raycast/api': ^1.55.2
      '@rockset/client': ^0.9.1
      '@smithy/eventstream-codec': ^2.0.5
      '@smithy/protocol-http': ^3.0.6
      '@smithy/signature-v4': ^2.0.10
      '@smithy/util-utf8': ^2.0.0
      '@spider-cloud/spider-client': ^0.0.21
      '@supabase/postgrest-js': ^1.1.1
      '@supabase/supabase-js': ^2.10.0
      '@tensorflow-models/universal-sentence-encoder': '*'
      '@tensorflow/tfjs-converter': '*'
      '@tensorflow/tfjs-core': '*'
      '@upstash/ratelimit': ^1.1.3
      '@upstash/redis': ^1.20.6
      '@upstash/vector': ^1.1.1
      '@vercel/kv': ^0.2.3
      '@vercel/postgres': ^0.5.0
      '@writerai/writer-sdk': ^0.40.2
      '@xata.io/client': ^0.28.0
      '@xenova/transformers': ^2.17.2
      '@zilliz/milvus2-sdk-node': '>=2.3.5'
      apify-client: ^2.7.1
      assemblyai: ^4.6.0
      better-sqlite3: '>=9.4.0 <12.0.0'
      cassandra-driver: ^4.7.2
      cborg: ^4.1.1
      cheerio: ^1.0.0-rc.12
      chromadb: '*'
      closevector-common: 0.1.3
      closevector-node: 0.1.6
      closevector-web: 0.1.6
      cohere-ai: '*'
      convex: ^1.3.1
      couchbase: ^4.3.0
      crypto-js: ^4.2.0
      d3-dsv: ^2.0.0
      discord.js: ^14.14.1
      dria: ^0.0.3
      duck-duck-scrape: ^2.2.5
      epub2: ^3.0.1
      faiss-node: ^0.5.1
      firebase-admin: ^11.9.0 || ^12.0.0
      google-auth-library: '*'
      googleapis: ^126.0.1
      hnswlib-node: ^3.0.0
      html-to-text: ^9.0.5
      ignore: ^5.2.0
      interface-datastore: ^8.2.11
      ioredis: ^5.3.2
      it-all: ^3.0.4
      jsdom: '*'
      jsonwebtoken: ^9.0.2
      llmonitor: ^0.5.9
      lodash: ^4.17.21
      lunary: ^0.6.11
      mammoth: ^1.6.0
      mongodb: '>=5.2.0'
      mysql2: ^3.3.3
      neo4j-driver: '*'
      node-llama-cpp: '*'
      notion-to-md: ^3.1.0
      officeparser: ^4.0.4
      pdf-parse: 1.1.1
      pg: ^8.11.0
      pg-copy-streams: ^6.0.5
      pickleparser: ^0.2.1
      playwright: ^1.32.1
      portkey-ai: ^0.1.11
      puppeteer: '*'
      redis: '*'
      replicate: ^0.29.4
      sonix-speech-recognition: ^2.1.1
      srt-parser-2: ^1.2.3
      typeorm: ^0.3.20
      typesense: ^1.5.3
      usearch: ^1.1.1
      vectordb: ^0.1.4
      voy-search: 0.6.2
      weaviate-ts-client: '*'
      web-auth-library: ^1.0.3
      ws: ^8.14.2
      youtube-transcript: ^1.0.6
      youtubei.js: ^9.1.0
    peerDependenciesMeta:
      '@aws-crypto/sha256-js':
        optional: true
      '@aws-sdk/client-bedrock-agent-runtime':
        optional: true
      '@aws-sdk/client-bedrock-runtime':
        optional: true
      '@aws-sdk/client-dynamodb':
        optional: true
      '@aws-sdk/client-kendra':
        optional: true
      '@aws-sdk/client-lambda':
        optional: true
      '@aws-sdk/client-s3':
        optional: true
      '@aws-sdk/client-sagemaker-runtime':
        optional: true
      '@aws-sdk/client-sfn':
        optional: true
      '@aws-sdk/credential-provider-node':
        optional: true
      '@azure/search-documents':
        optional: true
      '@azure/storage-blob':
        optional: true
      '@browserbasehq/sdk':
        optional: true
      '@clickhouse/client':
        optional: true
      '@cloudflare/ai':
        optional: true
      '@datastax/astra-db-ts':
        optional: true
      '@elastic/elasticsearch':
        optional: true
      '@getmetal/metal-sdk':
        optional: true
      '@getzep/zep-cloud':
        optional: true
      '@getzep/zep-js':
        optional: true
      '@gomomento/sdk':
        optional: true
      '@gomomento/sdk-core':
        optional: true
      '@google-ai/generativelanguage':
        optional: true
      '@google-cloud/storage':
        optional: true
      '@gradientai/nodejs-sdk':
        optional: true
      '@huggingface/inference':
        optional: true
      '@langchain/langgraph':
        optional: true
      '@layerup/layerup-security':
        optional: true
      '@mendable/firecrawl-js':
        optional: true
      '@mlc-ai/web-llm':
        optional: true
      '@mozilla/readability':
        optional: true
      '@neondatabase/serverless':
        optional: true
      '@notionhq/client':
        optional: true
      '@opensearch-project/opensearch':
        optional: true
      '@pinecone-database/pinecone':
        optional: true
      '@planetscale/database':
        optional: true
      '@premai/prem-sdk':
        optional: true
      '@qdrant/js-client-rest':
        optional: true
      '@raycast/api':
        optional: true
      '@rockset/client':
        optional: true
      '@smithy/eventstream-codec':
        optional: true
      '@smithy/protocol-http':
        optional: true
      '@smithy/signature-v4':
        optional: true
      '@smithy/util-utf8':
        optional: true
      '@spider-cloud/spider-client':
        optional: true
      '@supabase/postgrest-js':
        optional: true
      '@supabase/supabase-js':
        optional: true
      '@tensorflow-models/universal-sentence-encoder':
        optional: true
      '@tensorflow/tfjs-converter':
        optional: true
      '@tensorflow/tfjs-core':
        optional: true
      '@upstash/ratelimit':
        optional: true
      '@upstash/redis':
        optional: true
      '@upstash/vector':
        optional: true
      '@vercel/kv':
        optional: true
      '@vercel/postgres':
        optional: true
      '@writerai/writer-sdk':
        optional: true
      '@xata.io/client':
        optional: true
      '@xenova/transformers':
        optional: true
      '@zilliz/milvus2-sdk-node':
        optional: true
      apify-client:
        optional: true
      assemblyai:
        optional: true
      better-sqlite3:
        optional: true
      cassandra-driver:
        optional: true
      cborg:
        optional: true
      cheerio:
        optional: true
      chromadb:
        optional: true
      closevector-common:
        optional: true
      closevector-node:
        optional: true
      closevector-web:
        optional: true
      cohere-ai:
        optional: true
      convex:
        optional: true
      couchbase:
        optional: true
      crypto-js:
        optional: true
      d3-dsv:
        optional: true
      discord.js:
        optional: true
      dria:
        optional: true
      duck-duck-scrape:
        optional: true
      epub2:
        optional: true
      faiss-node:
        optional: true
      firebase-admin:
        optional: true
      google-auth-library:
        optional: true
      googleapis:
        optional: true
      hnswlib-node:
        optional: true
      html-to-text:
        optional: true
      ignore:
        optional: true
      interface-datastore:
        optional: true
      ioredis:
        optional: true
      it-all:
        optional: true
      jsdom:
        optional: true
      jsonwebtoken:
        optional: true
      llmonitor:
        optional: true
      lodash:
        optional: true
      lunary:
        optional: true
      mammoth:
        optional: true
      mongodb:
        optional: true
      mysql2:
        optional: true
      neo4j-driver:
        optional: true
      node-llama-cpp:
        optional: true
      notion-to-md:
        optional: true
      officeparser:
        optional: true
      pdf-parse:
        optional: true
      pg:
        optional: true
      pg-copy-streams:
        optional: true
      pickleparser:
        optional: true
      playwright:
        optional: true
      portkey-ai:
        optional: true
      puppeteer:
        optional: true
      redis:
        optional: true
      replicate:
        optional: true
      sonix-speech-recognition:
        optional: true
      srt-parser-2:
        optional: true
      typeorm:
        optional: true
      typesense:
        optional: true
      usearch:
        optional: true
      vectordb:
        optional: true
      voy-search:
        optional: true
      weaviate-ts-client:
        optional: true
      web-auth-library:
        optional: true
      ws:
        optional: true
      youtube-transcript:
        optional: true
      youtubei.js:
        optional: true

  '@langchain/core@0.2.20':
    resolution: {integrity: sha512-WPBjrzOj79/yqjloDUIw1GDhuRQfHis07TyyDj+qS81nHh0svSasetKcqAZ3L5JoPcBmEL7rRBtM+OcyC3mLVg==}
    engines: {node: '>=18'}

  '@langchain/openai@0.2.5':
    resolution: {integrity: sha512-gQXS5VBFyAco0jgSnUVan6fYVSIxlffmDaeDGpXrAmz2nQPgiN/h24KYOt2NOZ1zRheRzRuO/CfRagMhyVUaFA==}
    engines: {node: '>=18'}

  '@langchain/textsplitters@0.0.3':
    resolution: {integrity: sha512-cXWgKE3sdWLSqAa8ykbCcUsUF1Kyr5J3HOWYGuobhPEycXW4WI++d5DhzdpL238mzoEXTi90VqfSCra37l5YqA==}
    engines: {node: '>=18'}

  '@types/node-fetch@2.6.11':
    resolution: {integrity: sha512-24xFj9R5+rfQJLRyM56qh+wnVSYhyXC2tkoBndtY0U+vubqNsYXGjufB2nn8Q6gt0LrARwL6UBtMCSVCwl4B1g==}

  '@types/node@18.19.43':
    resolution: {integrity: sha512-Mw/YlgXnyJdEwLoFv2dpuJaDFriX+Pc+0qOBJ57jC1H6cDxIj2xc5yUrdtArDVG0m+KV6622a4p2tenEqB3C/g==}

  '@types/node@20.14.14':
    resolution: {integrity: sha512-d64f00982fS9YoOgJkAMolK7MN8Iq3TDdVjchbYHdEmjth/DHowx82GnoA+tVUAN+7vxfYUgAzi+JXbKNd2SDQ==}

  '@types/retry@0.12.0':
    resolution: {integrity: sha512-wWKOClTTiizcZhXnPY4wikVAwmdYHp8q6DmC+EJUzAMsycb7HB32Kh9RN4+0gExjmPmZSAQjgURXIGATPegAvA==}

  '@types/uuid@9.0.8':
    resolution: {integrity: sha512-jg+97EGIcY9AGHJJRaaPVgetKDsrTgbRjQ5Msgjh/DQKEFl0DtyRr/VCOyD1T2R1MNeWPK/u7JoGhlDZnKBAfA==}

  abort-controller@3.0.0:
    resolution: {integrity: sha512-h8lQ8tacZYnR3vNQTgibj+tODHI5/+l06Au2Pcriv/Gmet0eaj4TwWH41sO9wnHDiQsEj19q0drzdWdeAHtweg==}
    engines: {node: '>=6.5'}

  agentkeepalive@4.5.0:
    resolution: {integrity: sha512-5GG/5IbQQpC9FpkRGsSvZI5QYeSCzlJHdpBQntCsuTOxhKD8lqKhrleg2Yi7yvMIf82Ycmmqln9U8V9qwEiJew==}
    engines: {node: '>= 8.0.0'}

  ansi-styles@5.2.0:
    resolution: {integrity: sha512-Cxwpt2SfTzTtXcfOlzGEee8O+c+MmUgGrNiBcXnuWxuFJHe6a5Hz7qwhwe5OgaSYI0IJvkLqWX1ASG+cJOkEiA==}
    engines: {node: '>=10'}

  argparse@2.0.1:
    resolution: {integrity: sha512-8+9WqebbFzpX9OR+Wa6O29asIogeRMzcGtAINdpMHHyAg10f05aSFVBbcEqGf/PXw1EjAZ+q2/bEBg3DvurK3Q==}

  asynckit@0.4.0:
    resolution: {integrity: sha512-Oei9OH4tRh0YqU3GxhX79dM/mwVgvbZJaSNaRk+bshkj0S5cfHcgYakreBjrHwatXKbz+IoIdYLxrKim2MjW0Q==}

  base64-js@1.5.1:
    resolution: {integrity: sha512-AKpaYlHn8t4SVbOHCy+b5+KKgvR4vrsD8vbvrbiQJps7fKDTkjkDry6ji0rUJjC0kzbNePLwzxq8iypo41qeWA==}

  binary-extensions@2.3.0:
    resolution: {integrity: sha512-Ceh+7ox5qe7LJuLHoY0feh3pHuUDHAcRUeyL2VYghZwfpkNIy/+8Ocg0a3UuSoYzavmylwuLWQOf3hl0jjMMIw==}
    engines: {node: '>=8'}

  binary-search@1.3.6:
    resolution: {integrity: sha512-nbE1WxOTTrUWIfsfZ4aHGYu5DOuNkbxGokjV6Z2kxfJK3uaAb8zNK1muzOeipoLHZjInT4Br88BHpzevc681xA==}

  camelcase@6.3.0:
    resolution: {integrity: sha512-Gmy6FhYlCY7uOElZUSbxo2UCDH8owEk996gkbrpsgGtrJLM3J7jGxl9Ic7Qwwj4ivOE5AWZWRMecDdF7hqGjFA==}
    engines: {node: '>=10'}

  combined-stream@1.0.8:
    resolution: {integrity: sha512-FQN4MRfuJeHf7cBbBMJFXhKSDq+2kAArBlmRBvcvFE5BB1HZKXtSFASDhdlz9zOYwxh8lDdnvmMOe/+5cdoEdg==}
    engines: {node: '>= 0.8'}

  commander@10.0.1:
    resolution: {integrity: sha512-y4Mg2tXshplEbSGzx7amzPwKKOCGuoSRP/CjEdwwk0FOGlUbq6lKuoyDZTNZkmxHdJtp54hdfY/JUrdL7Xfdug==}
    engines: {node: '>=14'}

  debug@3.2.7:
    resolution: {integrity: sha512-CFjzYYAi4ThfiQvizrFQevTTXHtnCqWfe7x1AhgEscTz6ZbLbfoLRLPugTQyBth6f8ZERVUSyWHFD/7Wu4t1XQ==}
    peerDependencies:
      supports-color: '*'
    peerDependenciesMeta:
      supports-color:
        optional: true

  decamelize@1.2.0:
    resolution: {integrity: sha512-z2S+W9X73hAUUki+N+9Za2lBlun89zigOyGrsax+KUQ6wKW4ZoWpEYBkGhQjwAjjDCkWxhY0VKEhk8wzY7F5cA==}
    engines: {node: '>=0.10.0'}

  delayed-stream@1.0.0:
    resolution: {integrity: sha512-ZySD7Nf91aLB0RxL4KGrKHBXl7Eds1DAmEdcoVawXnLD7SDhpNgtuII2aAkg7a7QS41jxPSZ17p4VdGnMHk3MQ==}
    engines: {node: '>=0.4.0'}

  esbuild@0.21.5:
    resolution: {integrity: sha512-mg3OPMV4hXywwpoDxu3Qda5xCKQi+vCTZq8S9J/EpkhB2HzKXq4SNFZE3+NK93JYxc8VMSep+lOUSC/RVKaBqw==}
    engines: {node: '>=12'}
    hasBin: true

  event-target-shim@5.0.1:
    resolution: {integrity: sha512-i/2XbnSz/uxRCU6+NdVJgKWDTM427+MqYbkQzD321DuCQJUqOuJKIA0IM2+W2xtYHdKOmZ4dR6fExsd4SXL+WQ==}
    engines: {node: '>=6'}

  eventemitter3@4.0.7:
    resolution: {integrity: sha512-8guHBZCwKnFhYdHr2ysuRWErTwhoN2X8XELRlrRwpmfeY2jjuUN4taQMsULKUVo1K4DvZl+0pgfyoysHxvmvEw==}

  expr-eval@2.0.2:
    resolution: {integrity: sha512-4EMSHGOPSwAfBiibw3ndnP0AvjDWLsMvGOvWEZ2F96IGk0bIVdjQisOHxReSkE13mHcfbuCiXw+G4y0zv6N8Eg==}

  flat@5.0.2:
    resolution: {integrity: sha512-b6suED+5/3rTpUBdG1gupIl8MPFCAMA0QXwmljLhvCUKcUvdE4gWky9zpuGCcXHOsz4J9wPGNWq6OKpmIzz3hQ==}
    hasBin: true

  form-data-encoder@1.7.2:
    resolution: {integrity: sha512-qfqtYan3rxrnCk1VYaA4H+Ms9xdpPqvLZa6xmMgFvhO32x7/3J/ExcTd6qpxM0vH2GdMI+poehyBZvqfMTto8A==}

  form-data@4.0.0:
    resolution: {integrity: sha512-ETEklSGi5t0QMZuiXoA/Q6vcnxcLQP5vdugSpuAyi6SVGi2clPPp+xgEhuMaHC+zGgn31Kd235W35f7Hykkaww==}
    engines: {node: '>= 6'}

  formdata-node@4.4.1:
    resolution: {integrity: sha512-0iirZp3uVDjVGt9p49aTaqjk84TrglENEDuqfdlZQ1roC9CWlPk6Avf8EEnZNcAqPonwkG35x4n3ww/1THYAeQ==}
    engines: {node: '>= 12.20'}

  fsevents@2.3.3:
    resolution: {integrity: sha512-5xoDfX+fL7faATnagmWPpbFtwh/R77WmMMqqHGS65C3vvB0YHrgF+B1YmZ3441tMj5n63k0212XNoJwzlhffQw==}
    engines: {node: ^8.16.0 || ^10.6.0 || >=11.0.0}
    os: [darwin]

  get-tsconfig@4.7.6:
    resolution: {integrity: sha512-ZAqrLlu18NbDdRaHq+AKXzAmqIUPswPWKUchfytdAjiRFnCe5ojG2bstg6mRiZabkKfCoL/e98pbBELIV/YCeA==}

  hono@4.5.3:
    resolution: {integrity: sha512-r26WwwbKD3BAYdfB294knNnegNda7VfV1tVn66D9Kvl9WQTdrR+5eKdoeaQNHQcC3Gr0KBikzAtjd6VsRGVSaw==}
    engines: {node: '>=16.0.0'}

  humanize-ms@1.2.1:
    resolution: {integrity: sha512-Fl70vYtsAFb/C06PTS9dZBo7ihau+Tu/DNCk/OyHhea07S+aeMWpFFkUaXRa8fI+ScZbEI8dfSxwY7gxZ9SAVQ==}

  is-any-array@2.0.1:
    resolution: {integrity: sha512-UtilS7hLRu++wb/WBAw9bNuP1Eg04Ivn1vERJck8zJthEvXCBEBpGR/33u/xLKWEQf95803oalHrVDptcAvFdQ==}

  js-tiktoken@1.0.12:
    resolution: {integrity: sha512-L7wURW1fH9Qaext0VzaUDpFGVQgjkdE3Dgsy9/+yXyGEpBKnylTd0mU0bfbNkKDlXRb6TEsZkwuflu1B8uQbJQ==}

  js-yaml@4.1.0:
    resolution: {integrity: sha512-wpxZs9NoxZaJESJGIZTyDEaYpl0FKSA+FB9aJiyemKhMwkxQg63h4T1KJgUGHpTqPDNRcmmYLugrRjJlBtWvRA==}
    hasBin: true

  jsonpointer@5.0.1:
    resolution: {integrity: sha512-p/nXbhSEcu3pZRdkW1OfJhpsVtW1gd4Wa1fnQc9YLiTfAjn0312eMKimbdIQzuZl9aa9xUGaRlP9T/CJE/ditQ==}
    engines: {node: '>=0.10.0'}

  langchain@0.2.12:
    resolution: {integrity: sha512-ZHtJrHUpridZ7IQu7N/wAQ6iMAAO7VLzkupHqKP79S6p+alrPbn1BjRnh+PeGm92YiY5DafTCuvchmujxx7bCQ==}
    engines: {node: '>=18'}
    peerDependencies:
      '@aws-sdk/client-s3': '*'
      '@aws-sdk/client-sagemaker-runtime': '*'
      '@aws-sdk/client-sfn': '*'
      '@aws-sdk/credential-provider-node': '*'
      '@azure/storage-blob': '*'
      '@browserbasehq/sdk': '*'
      '@gomomento/sdk': '*'
      '@gomomento/sdk-core': '*'
      '@gomomento/sdk-web': ^1.51.1
      '@langchain/anthropic': '*'
      '@langchain/aws': '*'
      '@langchain/cohere': '*'
      '@langchain/community': '*'
      '@langchain/google-genai': '*'
      '@langchain/google-vertexai': '*'
      '@langchain/groq': '*'
      '@langchain/mistralai': '*'
      '@langchain/ollama': '*'
      '@mendable/firecrawl-js': '*'
      '@notionhq/client': '*'
      '@pinecone-database/pinecone': '*'
      '@supabase/supabase-js': '*'
      '@vercel/kv': '*'
      '@xata.io/client': '*'
      apify-client: '*'
      assemblyai: '*'
      axios: '*'
      cheerio: '*'
      chromadb: '*'
      convex: '*'
      couchbase: '*'
      d3-dsv: '*'
      epub2: '*'
      faiss-node: '*'
      fast-xml-parser: '*'
      handlebars: ^4.7.8
      html-to-text: '*'
      ignore: '*'
      ioredis: '*'
      jsdom: '*'
      mammoth: '*'
      mongodb: '*'
      node-llama-cpp: '*'
      notion-to-md: '*'
      officeparser: '*'
      pdf-parse: '*'
      peggy: ^3.0.2
      playwright: '*'
      puppeteer: '*'
      pyodide: ^0.24.1
      redis: '*'
      sonix-speech-recognition: '*'
      srt-parser-2: '*'
      typeorm: '*'
      weaviate-ts-client: '*'
      web-auth-library: '*'
      ws: '*'
      youtube-transcript: '*'
      youtubei.js: '*'
    peerDependenciesMeta:
      '@aws-sdk/client-s3':
        optional: true
      '@aws-sdk/client-sagemaker-runtime':
        optional: true
      '@aws-sdk/client-sfn':
        optional: true
      '@aws-sdk/credential-provider-node':
        optional: true
      '@azure/storage-blob':
        optional: true
      '@browserbasehq/sdk':
        optional: true
      '@gomomento/sdk':
        optional: true
      '@gomomento/sdk-core':
        optional: true
      '@gomomento/sdk-web':
        optional: true
      '@langchain/anthropic':
        optional: true
      '@langchain/aws':
        optional: true
      '@langchain/cohere':
        optional: true
      '@langchain/community':
        optional: true
      '@langchain/google-genai':
        optional: true
      '@langchain/google-vertexai':
        optional: true
      '@langchain/groq':
        optional: true
      '@langchain/mistralai':
        optional: true
      '@langchain/ollama':
        optional: true
      '@mendable/firecrawl-js':
        optional: true
      '@notionhq/client':
        optional: true
      '@pinecone-database/pinecone':
        optional: true
      '@supabase/supabase-js':
        optional: true
      '@vercel/kv':
        optional: true
      '@xata.io/client':
        optional: true
      apify-client:
        optional: true
      assemblyai:
        optional: true
      axios:
        optional: true
      cheerio:
        optional: true
      chromadb:
        optional: true
      convex:
        optional: true
      couchbase:
        optional: true
      d3-dsv:
        optional: true
      epub2:
        optional: true
      faiss-node:
        optional: true
      fast-xml-parser:
        optional: true
      handlebars:
        optional: true
      html-to-text:
        optional: true
      ignore:
        optional: true
      ioredis:
        optional: true
      jsdom:
        optional: true
      mammoth:
        optional: true
      mongodb:
        optional: true
      node-llama-cpp:
        optional: true
      notion-to-md:
        optional: true
      officeparser:
        optional: true
      pdf-parse:
        optional: true
      peggy:
        optional: true
      playwright:
        optional: true
      puppeteer:
        optional: true
      pyodide:
        optional: true
      redis:
        optional: true
      sonix-speech-recognition:
        optional: true
      srt-parser-2:
        optional: true
      typeorm:
        optional: true
      weaviate-ts-client:
        optional: true
      web-auth-library:
        optional: true
      ws:
        optional: true
      youtube-transcript:
        optional: true
      youtubei.js:
        optional: true

  langchainhub@0.0.11:
    resolution: {integrity: sha512-WnKI4g9kU2bHQP136orXr2bcRdgz9iiTBpTN0jWt9IlScUKnJBoD0aa2HOzHURQKeQDnt2JwqVmQ6Depf5uDLQ==}

  langsmith@0.1.40:
    resolution: {integrity: sha512-11E2WLbh/+41+Qc0w8fJJTC/iz91BA+zXRMX/Wz0KSstnfzIPBoiWa++Kp2X8yCIDNywWWLJhy/B8gYzm7VKig==}
    peerDependencies:
      '@langchain/core': '*'
      langchain: '*'
      openai: '*'
    peerDependenciesMeta:
      '@langchain/core':
        optional: true
      langchain:
        optional: true
      openai:
        optional: true

  mime-db@1.52.0:
    resolution: {integrity: sha512-sPU4uV7dYlvtWJxwwxHD0PuihVNiE7TyAbQ5SWxDCB9mUYvOgroQOwYQQOKPJ8CIbE+1ETVlOoK1UC2nU3gYvg==}
    engines: {node: '>= 0.6'}

  mime-types@2.1.35:
    resolution: {integrity: sha512-ZDY+bPm5zTTF+YpCrAU9nK0UgICYPT0QtT1NZWFv4s++TNkcgVaT0g6+4R2uI4MjQjzysHB1zxuWL50hzaeXiw==}
    engines: {node: '>= 0.6'}

  ml-array-mean@1.1.6:
    resolution: {integrity: sha512-MIdf7Zc8HznwIisyiJGRH9tRigg3Yf4FldW8DxKxpCCv/g5CafTw0RRu51nojVEOXuCQC7DRVVu5c7XXO/5joQ==}

  ml-array-sum@1.1.6:
    resolution: {integrity: sha512-29mAh2GwH7ZmiRnup4UyibQZB9+ZLyMShvt4cH4eTK+cL2oEMIZFnSyB3SS8MlsTh6q/w/yh48KmqLxmovN4Dw==}

  ml-distance-euclidean@2.0.0:
    resolution: {integrity: sha512-yC9/2o8QF0A3m/0IXqCTXCzz2pNEzvmcE/9HFKOZGnTjatvBbsn4lWYJkxENkA4Ug2fnYl7PXQxnPi21sgMy/Q==}

  ml-distance@4.0.1:
    resolution: {integrity: sha512-feZ5ziXs01zhyFUUUeZV5hwc0f5JW0Sh0ckU1koZe/wdVkJdGxcP06KNQuF0WBTj8FttQUzcvQcpcrOp/XrlEw==}

  ml-tree-similarity@1.0.0:
    resolution: {integrity: sha512-XJUyYqjSuUQkNQHMscr6tcjldsOoAekxADTplt40QKfwW6nd++1wHWV9AArl0Zvw/TIHgNaZZNvr8QGvE8wLRg==}

  ms@2.1.3:
    resolution: {integrity: sha512-6FlzubTLZG3J2a/NVCAleEhjzq5oxgHyaCU9yYXvcLsvoVaHJq/s5xXI6/XXP6tz7R9xAOtHnSO/tXtF3WRTlA==}

  mustache@4.2.0:
    resolution: {integrity: sha512-71ippSywq5Yb7/tVYyGbkBggbU8H3u5Rz56fH60jGFgr8uHwxs+aSKeqmluIVzM0m0kB7xQjKS6qPfd0b2ZoqQ==}
    hasBin: true

  node-domexception@1.0.0:
    resolution: {integrity: sha512-/jKZoMpw0F8GRwl4/eLROPA3cfcXtLApP0QzLmUT/HuPCZWyB7IY9ZrMeKw2O/nFIqPQB3PVM9aYm0F312AXDQ==}
    engines: {node: '>=10.5.0'}

  node-ensure@0.0.0:
    resolution: {integrity: sha512-DRI60hzo2oKN1ma0ckc6nQWlHU69RH6xN0sjQTjMpChPfTYvKZdcQFfdYK2RWbJcKyUizSIy/l8OTGxMAM1QDw==}

  node-fetch@2.7.0:
    resolution: {integrity: sha512-c4FRfUm/dbcWZ7U+1Wq0AwCyFL+3nt2bEw05wfxSz+DWpWsitgmSgYmy2dQdWyKC1694ELPqMs/YzUSNozLt8A==}
    engines: {node: 4.x || >=6.0.0}
    peerDependencies:
      encoding: ^0.1.0
    peerDependenciesMeta:
      encoding:
        optional: true

  num-sort@2.1.0:
    resolution: {integrity: sha512-1MQz1Ed8z2yckoBeSfkQHHO9K1yDRxxtotKSJ9yvcTUUxSvfvzEq5GwBrjjHEpMlq/k5gvXdmJ1SbYxWtpNoVg==}
    engines: {node: '>=8'}

  openai@4.54.0:
    resolution: {integrity: sha512-e/12BdtTtj+tXs7iHm+Dm7H7WjEWnw7O52B2wSfCQ6lD5F6cvjzo7cANXy5TJ1Q3/qc8YRPT5wBTTFtP5sBp1g==}
    hasBin: true

  openapi-types@12.1.3:
    resolution: {integrity: sha512-N4YtSYJqghVu4iek2ZUvcN/0aqH1kRDuNqzcycDxhOUpg7GdvLa2F3DgS6yBNhInhv2r/6I0Flkn7CqL8+nIcw==}

  p-finally@1.0.0:
    resolution: {integrity: sha512-LICb2p9CB7FS+0eR1oqWnHhp0FljGLZCWBE9aix0Uye9W8LTQPwMTYVGWQWIw9RdQiDg4+epXQODwIYJtSJaow==}
    engines: {node: '>=4'}

  p-queue@6.6.2:
    resolution: {integrity: sha512-RwFpb72c/BhQLEXIZ5K2e+AhgNVmIejGlTgiB9MzZ0e93GRvqZ7uSi0dvRF7/XIXDeNkra2fNHBxTyPDGySpjQ==}
    engines: {node: '>=8'}

  p-retry@4.6.2:
    resolution: {integrity: sha512-312Id396EbJdvRONlngUx0NydfrIQ5lsYu0znKVUzVvArzEIt08V1qhtyESbGVd1FGX7UKtiFp5uwKZdM8wIuQ==}
    engines: {node: '>=8'}

  p-timeout@3.2.0:
    resolution: {integrity: sha512-rhIwUycgwwKcP9yTOOFK/AKsAopjjCakVqLHePO3CC6Mir1Z99xT+R63jZxAT5lFZLa2inS5h+ZS2GvR99/FBg==}
    engines: {node: '>=8'}

  pdf-parse@1.1.1:
    resolution: {integrity: sha512-v6ZJ/efsBpGrGGknjtq9J/oC8tZWq0KWL5vQrk2GlzLEQPUDB1ex+13Rmidl1neNN358Jn9EHZw5y07FFtaC7A==}
    engines: {node: '>=6.8.1'}

  resolve-pkg-maps@1.0.0:
    resolution: {integrity: sha512-seS2Tj26TBVOC2NIc2rOe2y2ZO7efxITtLZcGSOnHHNOQ7CkiUBfw0Iw2ck6xkIhPwLhKNLS8BO+hEpngQlqzw==}

  retry@0.13.1:
    resolution: {integrity: sha512-XQBQ3I8W1Cge0Seh+6gjj03LbmRFWuoszgK9ooCpwYIrhhoO80pfq4cUkU5DkknwfOfFteRwlZ56PYOGYyFWdg==}
    engines: {node: '>= 4'}

  semver@7.6.3:
    resolution: {integrity: sha512-oVekP1cKtI+CTDvHWYFUcMtsK/00wmAEfyqKfNdARm8u1wNVhSgaX7A8d4UuIlUI5e84iEwOhs7ZPYRmzU9U6A==}
    engines: {node: '>=10'}
    hasBin: true

  tr46@0.0.3:
    resolution: {integrity: sha512-N3WMsuqV66lT30CrXNbEjx4GEwlow3v6rr4mCcv6prnfwhS01rkgyFdjPNBYd9br7LpXV1+Emh01fHnq2Gdgrw==}

  tsx@4.16.5:
    resolution: {integrity: sha512-ArsiAQHEW2iGaqZ8fTA1nX0a+lN5mNTyuGRRO6OW3H/Yno1y9/t1f9YOI1Cfoqz63VAthn++ZYcbDP7jPflc+A==}
    engines: {node: '>=18.0.0'}
    hasBin: true

  undici-types@5.26.5:
    resolution: {integrity: sha512-JlCMO+ehdEIKqlFxk6IfVoAUVmgz7cU7zD/h9XZ0qzeosSHmUJVOzSQvvYSYWXkFXC+IfLKSIffhv0sVZup6pA==}

  uuid@10.0.0:
    resolution: {integrity: sha512-8XkAphELsDnEGrDxUOHB3RGvXz6TeuYSGEZBOjtTtPm2lwhGBjLgOzLHB63IUWfBpNucQjND6d3AOudO+H3RWQ==}
    hasBin: true

  uuid@9.0.1:
    resolution: {integrity: sha512-b+1eJOlsR9K8HJpow9Ok3fiWOWSIcIzXodvv0rQjVoOVNpWMpxf1wZNpt4y9h10odCNrqnYp1OBzRktckBe3sA==}
    hasBin: true

  web-streams-polyfill@4.0.0-beta.3:
    resolution: {integrity: sha512-QW95TCTaHmsYfHDybGMwO5IJIM93I/6vTRk+daHTWFPhwh+C8Cg7j7XyKrwrj8Ib6vYXe0ocYNrmzY4xAAN6ug==}
    engines: {node: '>= 14'}

  webidl-conversions@3.0.1:
    resolution: {integrity: sha512-2JAn3z8AR6rjK8Sm8orRC0h/bcl/DqL7tRPdGZ4I1CjdF+EaMLmYxBHyXuKL849eucPFhvBoxMsflfOb8kxaeQ==}

  whatwg-url@5.0.0:
    resolution: {integrity: sha512-saE57nupxk6v3HY35+jzBwYa0rKSy0XR8JSxZPwgLr7ys0IBzhGviA1/TUGJLmSVqs8pb9AnvICXEuOHLprYTw==}

  yaml@2.5.0:
    resolution: {integrity: sha512-2wWLbGbYDiSqqIKoPjar3MPgB94ErzCtrNE1FdqGuaO0pi2JGjmE8aW8TDZwzU7vuxcGRdL/4gPQwQ7hD5AMSw==}
    engines: {node: '>= 14'}
    hasBin: true

  zod-to-json-schema@3.23.2:
    resolution: {integrity: sha512-uSt90Gzc/tUfyNqxnjlfBs8W6WSGpNBv0rVsNxP/BVSMHMKGdthPYff4xtCHYloJGM0CFxFsb3NbC0eqPhfImw==}
    peerDependencies:
      zod: ^3.23.3

  zod@3.23.8:
    resolution: {integrity: sha512-XBx9AXhXktjUqnepgTiE5flcKIYWi/rme0Eaj+5Y0lftuGBq+jyRu/md4WnuxqgP1ubdpNCsYEYPxrzVHD8d6g==}

snapshots:

  '@esbuild/aix-ppc64@0.21.5':
    optional: true

  '@esbuild/android-arm64@0.21.5':
    optional: true

  '@esbuild/android-arm@0.21.5':
    optional: true

  '@esbuild/android-x64@0.21.5':
    optional: true

  '@esbuild/darwin-arm64@0.21.5':
    optional: true

  '@esbuild/darwin-x64@0.21.5':
    optional: true

  '@esbuild/freebsd-arm64@0.21.5':
    optional: true

  '@esbuild/freebsd-x64@0.21.5':
    optional: true

  '@esbuild/linux-arm64@0.21.5':
    optional: true

  '@esbuild/linux-arm@0.21.5':
    optional: true

  '@esbuild/linux-ia32@0.21.5':
    optional: true

  '@esbuild/linux-loong64@0.21.5':
    optional: true

  '@esbuild/linux-mips64el@0.21.5':
    optional: true

  '@esbuild/linux-ppc64@0.21.5':
    optional: true

  '@esbuild/linux-riscv64@0.21.5':
    optional: true

  '@esbuild/linux-s390x@0.21.5':
    optional: true

  '@esbuild/linux-x64@0.21.5':
    optional: true

  '@esbuild/netbsd-x64@0.21.5':
    optional: true

  '@esbuild/openbsd-x64@0.21.5':
    optional: true

  '@esbuild/sunos-x64@0.21.5':
    optional: true

  '@esbuild/win32-arm64@0.21.5':
    optional: true

  '@esbuild/win32-ia32@0.21.5':
    optional: true

  '@esbuild/win32-x64@0.21.5':
    optional: true

  '@hono/node-server@1.12.0': {}

  '@langchain/community@0.2.23(openai@4.54.0)(pdf-parse@1.1.1)':
    dependencies:
      '@langchain/core': 0.2.20(langchain@0.2.12(@langchain/community@0.2.23(openai@4.54.0)(pdf-parse@1.1.1))(openai@4.54.0)(pdf-parse@1.1.1))(openai@4.54.0)
      '@langchain/openai': 0.2.5(langchain@0.2.12(@langchain/community@0.2.23(openai@4.54.0)(pdf-parse@1.1.1))(openai@4.54.0)(pdf-parse@1.1.1))
      binary-extensions: 2.3.0
      expr-eval: 2.0.2
      flat: 5.0.2
      js-yaml: 4.1.0
      langchain: 0.2.12(@langchain/community@0.2.23(openai@4.54.0)(pdf-parse@1.1.1))(openai@4.54.0)(pdf-parse@1.1.1)
      langsmith: 0.1.40(@langchain/core@0.2.20(langchain@0.2.12(@langchain/community@0.2.23(openai@4.54.0)(pdf-parse@1.1.1))(openai@4.54.0)(pdf-parse@1.1.1))(openai@4.54.0))(langchain@0.2.12(@langchain/community@0.2.23(openai@4.54.0)(pdf-parse@1.1.1))(openai@4.54.0)(pdf-parse@1.1.1))(openai@4.54.0)
      uuid: 10.0.0
      zod: 3.23.8
      zod-to-json-schema: 3.23.2(zod@3.23.8)
    optionalDependencies:
      pdf-parse: 1.1.1
    transitivePeerDependencies:
      - '@gomomento/sdk-web'
      - '@langchain/anthropic'
      - '@langchain/aws'
      - '@langchain/cohere'
      - '@langchain/google-genai'
      - '@langchain/google-vertexai'
      - '@langchain/groq'
      - '@langchain/mistralai'
      - '@langchain/ollama'
      - axios
      - encoding
      - fast-xml-parser
      - handlebars
      - openai
      - peggy
      - pyodide

  '@langchain/core@0.2.20(langchain@0.2.12(@langchain/community@0.2.23(openai@4.54.0)(pdf-parse@1.1.1))(openai@4.54.0)(pdf-parse@1.1.1))(openai@4.54.0)':
    dependencies:
      ansi-styles: 5.2.0
      camelcase: 6.3.0
      decamelize: 1.2.0
      js-tiktoken: 1.0.12
      langsmith: 0.1.40(@langchain/core@0.2.20(langchain@0.2.12(@langchain/community@0.2.23(openai@4.54.0)(pdf-parse@1.1.1))(openai@4.54.0)(pdf-parse@1.1.1))(openai@4.54.0))(langchain@0.2.12(@langchain/community@0.2.23(openai@4.54.0)(pdf-parse@1.1.1))(openai@4.54.0)(pdf-parse@1.1.1))(openai@4.54.0)
      mustache: 4.2.0
      p-queue: 6.6.2
      p-retry: 4.6.2
      uuid: 10.0.0
      zod: 3.23.8
      zod-to-json-schema: 3.23.2(zod@3.23.8)
    transitivePeerDependencies:
      - langchain
      - openai

  '@langchain/openai@0.2.5(langchain@0.2.12(@langchain/community@0.2.23(openai@4.54.0)(pdf-parse@1.1.1))(openai@4.54.0)(pdf-parse@1.1.1))':
    dependencies:
      '@langchain/core': 0.2.20(langchain@0.2.12(@langchain/community@0.2.23(openai@4.54.0)(pdf-parse@1.1.1))(openai@4.54.0)(pdf-parse@1.1.1))(openai@4.54.0)
      js-tiktoken: 1.0.12
      openai: 4.54.0
      zod: 3.23.8
      zod-to-json-schema: 3.23.2(zod@3.23.8)
    transitivePeerDependencies:
      - encoding
      - langchain

  '@langchain/textsplitters@0.0.3(langchain@0.2.12(@langchain/community@0.2.23(openai@4.54.0)(pdf-parse@1.1.1))(openai@4.54.0)(pdf-parse@1.1.1))(openai@4.54.0)':
    dependencies:
      '@langchain/core': 0.2.20(langchain@0.2.12(@langchain/community@0.2.23(openai@4.54.0)(pdf-parse@1.1.1))(openai@4.54.0)(pdf-parse@1.1.1))(openai@4.54.0)
      js-tiktoken: 1.0.12
    transitivePeerDependencies:
      - langchain
      - openai

  '@types/node-fetch@2.6.11':
    dependencies:
      '@types/node': 20.14.14
      form-data: 4.0.0

  '@types/node@18.19.43':
    dependencies:
      undici-types: 5.26.5

  '@types/node@20.14.14':
    dependencies:
      undici-types: 5.26.5

  '@types/retry@0.12.0': {}

  '@types/uuid@9.0.8': {}

  abort-controller@3.0.0:
    dependencies:
      event-target-shim: 5.0.1

  agentkeepalive@4.5.0:
    dependencies:
      humanize-ms: 1.2.1

  ansi-styles@5.2.0: {}

  argparse@2.0.1: {}

  asynckit@0.4.0: {}

  base64-js@1.5.1: {}

  binary-extensions@2.3.0: {}

  binary-search@1.3.6: {}

  camelcase@6.3.0: {}

  combined-stream@1.0.8:
    dependencies:
      delayed-stream: 1.0.0

  commander@10.0.1: {}

  debug@3.2.7:
    dependencies:
      ms: 2.1.3

  decamelize@1.2.0: {}

  delayed-stream@1.0.0: {}

  esbuild@0.21.5:
    optionalDependencies:
      '@esbuild/aix-ppc64': 0.21.5
      '@esbuild/android-arm': 0.21.5
      '@esbuild/android-arm64': 0.21.5
      '@esbuild/android-x64': 0.21.5
      '@esbuild/darwin-arm64': 0.21.5
      '@esbuild/darwin-x64': 0.21.5
      '@esbuild/freebsd-arm64': 0.21.5
      '@esbuild/freebsd-x64': 0.21.5
      '@esbuild/linux-arm': 0.21.5
      '@esbuild/linux-arm64': 0.21.5
      '@esbuild/linux-ia32': 0.21.5
      '@esbuild/linux-loong64': 0.21.5
      '@esbuild/linux-mips64el': 0.21.5
      '@esbuild/linux-ppc64': 0.21.5
      '@esbuild/linux-riscv64': 0.21.5
      '@esbuild/linux-s390x': 0.21.5
      '@esbuild/linux-x64': 0.21.5
      '@esbuild/netbsd-x64': 0.21.5
      '@esbuild/openbsd-x64': 0.21.5
      '@esbuild/sunos-x64': 0.21.5
      '@esbuild/win32-arm64': 0.21.5
      '@esbuild/win32-ia32': 0.21.5
      '@esbuild/win32-x64': 0.21.5

  event-target-shim@5.0.1: {}

  eventemitter3@4.0.7: {}

  expr-eval@2.0.2: {}

  flat@5.0.2: {}

  form-data-encoder@1.7.2: {}

  form-data@4.0.0:
    dependencies:
      asynckit: 0.4.0
      combined-stream: 1.0.8
      mime-types: 2.1.35

  formdata-node@4.4.1:
    dependencies:
      node-domexception: 1.0.0
      web-streams-polyfill: 4.0.0-beta.3

  fsevents@2.3.3:
    optional: true

  get-tsconfig@4.7.6:
    dependencies:
      resolve-pkg-maps: 1.0.0

  hono@4.5.3: {}

  humanize-ms@1.2.1:
    dependencies:
      ms: 2.1.3

  is-any-array@2.0.1: {}

  js-tiktoken@1.0.12:
    dependencies:
      base64-js: 1.5.1

  js-yaml@4.1.0:
    dependencies:
      argparse: 2.0.1

  jsonpointer@5.0.1: {}

  langchain@0.2.12(@langchain/community@0.2.23(openai@4.54.0)(pdf-parse@1.1.1))(openai@4.54.0)(pdf-parse@1.1.1):
    dependencies:
      '@langchain/core': 0.2.20(langchain@0.2.12(@langchain/community@0.2.23(openai@4.54.0)(pdf-parse@1.1.1))(openai@4.54.0)(pdf-parse@1.1.1))(openai@4.54.0)
      '@langchain/openai': 0.2.5(langchain@0.2.12(@langchain/community@0.2.23(openai@4.54.0)(pdf-parse@1.1.1))(openai@4.54.0)(pdf-parse@1.1.1))
      '@langchain/textsplitters': 0.0.3(langchain@0.2.12(@langchain/community@0.2.23(openai@4.54.0)(pdf-parse@1.1.1))(openai@4.54.0)(pdf-parse@1.1.1))(openai@4.54.0)
      binary-extensions: 2.3.0
      js-tiktoken: 1.0.12
      js-yaml: 4.1.0
      jsonpointer: 5.0.1
      langchainhub: 0.0.11
      langsmith: 0.1.40(@langchain/core@0.2.20(langchain@0.2.12(@langchain/community@0.2.23(openai@4.54.0)(pdf-parse@1.1.1))(openai@4.54.0)(pdf-parse@1.1.1))(openai@4.54.0))(langchain@0.2.12(@langchain/community@0.2.23(openai@4.54.0)(pdf-parse@1.1.1))(openai@4.54.0)(pdf-parse@1.1.1))(openai@4.54.0)
      ml-distance: 4.0.1
      openapi-types: 12.1.3
      p-retry: 4.6.2
      uuid: 10.0.0
      yaml: 2.5.0
      zod: 3.23.8
      zod-to-json-schema: 3.23.2(zod@3.23.8)
    optionalDependencies:
      '@langchain/community': 0.2.23(openai@4.54.0)(pdf-parse@1.1.1)
      pdf-parse: 1.1.1
    transitivePeerDependencies:
      - encoding
      - openai

  langchainhub@0.0.11: {}

  langsmith@0.1.40(@langchain/core@0.2.20(langchain@0.2.12(@langchain/community@0.2.23(openai@4.54.0)(pdf-parse@1.1.1))(openai@4.54.0)(pdf-parse@1.1.1))(openai@4.54.0))(langchain@0.2.12(@langchain/community@0.2.23(openai@4.54.0)(pdf-parse@1.1.1))(openai@4.54.0)(pdf-parse@1.1.1))(openai@4.54.0):
    dependencies:
      '@types/uuid': 9.0.8
      commander: 10.0.1
      p-queue: 6.6.2
      p-retry: 4.6.2
      semver: 7.6.3
      uuid: 9.0.1
    optionalDependencies:
      '@langchain/core': 0.2.20(langchain@0.2.12(@langchain/community@0.2.23(openai@4.54.0)(pdf-parse@1.1.1))(openai@4.54.0)(pdf-parse@1.1.1))(openai@4.54.0)
      langchain: 0.2.12(@langchain/community@0.2.23(openai@4.54.0)(pdf-parse@1.1.1))(openai@4.54.0)(pdf-parse@1.1.1)
      openai: 4.54.0

  mime-db@1.52.0: {}

  mime-types@2.1.35:
    dependencies:
      mime-db: 1.52.0

  ml-array-mean@1.1.6:
    dependencies:
      ml-array-sum: 1.1.6

  ml-array-sum@1.1.6:
    dependencies:
      is-any-array: 2.0.1

  ml-distance-euclidean@2.0.0: {}

  ml-distance@4.0.1:
    dependencies:
      ml-array-mean: 1.1.6
      ml-distance-euclidean: 2.0.0
      ml-tree-similarity: 1.0.0

  ml-tree-similarity@1.0.0:
    dependencies:
      binary-search: 1.3.6
      num-sort: 2.1.0

  ms@2.1.3: {}

  mustache@4.2.0: {}

  node-domexception@1.0.0: {}

  node-ensure@0.0.0: {}

  node-fetch@2.7.0:
    dependencies:
      whatwg-url: 5.0.0

  num-sort@2.1.0: {}

  openai@4.54.0:
    dependencies:
      '@types/node': 18.19.43
      '@types/node-fetch': 2.6.11
      abort-controller: 3.0.0
      agentkeepalive: 4.5.0
      form-data-encoder: 1.7.2
      formdata-node: 4.4.1
      node-fetch: 2.7.0
    transitivePeerDependencies:
      - encoding

  openapi-types@12.1.3: {}

  p-finally@1.0.0: {}

  p-queue@6.6.2:
    dependencies:
      eventemitter3: 4.0.7
      p-timeout: 3.2.0

  p-retry@4.6.2:
    dependencies:
      '@types/retry': 0.12.0
      retry: 0.13.1

  p-timeout@3.2.0:
    dependencies:
      p-finally: 1.0.0

  pdf-parse@1.1.1:
    dependencies:
      debug: 3.2.7
      node-ensure: 0.0.0
    transitivePeerDependencies:
      - supports-color

  resolve-pkg-maps@1.0.0: {}

  retry@0.13.1: {}

  semver@7.6.3: {}

  tr46@0.0.3: {}

  tsx@4.16.5:
    dependencies:
      esbuild: 0.21.5
      get-tsconfig: 4.7.6
    optionalDependencies:
      fsevents: 2.3.3

  undici-types@5.26.5: {}

  uuid@10.0.0: {}

  uuid@9.0.1: {}

  web-streams-polyfill@4.0.0-beta.3: {}

  webidl-conversions@3.0.1: {}

  whatwg-url@5.0.0:
    dependencies:
      tr46: 0.0.3
      webidl-conversions: 3.0.1

  yaml@2.5.0: {}

  zod-to-json-schema@3.23.2(zod@3.23.8):
    dependencies:
      zod: 3.23.8

  zod@3.23.8: {}
